// !$*UTF8*$!
{
	archiveVersion = 1;
	classes = {
	};
	objectVersion = 46;
	objects = {

/* Begin PBXBuildFile section */
		487F7E8B1CA46AB600A73364 /* AppDelegate.swift in Sources */ = {isa = PBXBuildFile; fileRef = 487F7E8A1CA46AB600A73364 /* AppDelegate.swift */; };
		487F7E8D1CA46AB600A73364 /* ViewController.swift in Sources */ = {isa = PBXBuildFile; fileRef = 487F7E8C1CA46AB600A73364 /* ViewController.swift */; };
		487F7E921CA46AB600A73364 /* Assets.xcassets in Resources */ = {isa = PBXBuildFile; fileRef = 487F7E911CA46AB600A73364 /* Assets.xcassets */; };
		487F7E951CA46AB600A73364 /* LaunchScreen.storyboard in Resources */ = {isa = PBXBuildFile; fileRef = 487F7E931CA46AB600A73364 /* LaunchScreen.storyboard */; };
		487F7EA01CA48B0D00A73364 /* DataServices.swift in Sources */ = {isa = PBXBuildFile; fileRef = 487F7E9F1CA48B0D00A73364 /* DataServices.swift */; };
		487F7EA31CA48D4400A73364 /* Posts.swift in Sources */ = {isa = PBXBuildFile; fileRef = 487F7EA21CA48D4400A73364 /* Posts.swift */; };
		487F7EA51CA48FAB00A73364 /* PostCell.swift in Sources */ = {isa = PBXBuildFile; fileRef = 487F7EA41CA48FAB00A73364 /* PostCell.swift */; };
		487F7EA71CA4B13A00A73364 /* RoundedPics.swift in Sources */ = {isa = PBXBuildFile; fileRef = 487F7EA61CA4B13A00A73364 /* RoundedPics.swift */; };
		487F7EAD1CA5DA7400A73364 /* AddPostVC.swift in Sources */ = {isa = PBXBuildFile; fileRef = 487F7EAC1CA5DA7400A73364 /* AddPostVC.swift */; };
		48F046581CB6FB380025A632 /* Main.storyboard in Resources */ = {isa = PBXBuildFile; fileRef = 48F046571CB6FB380025A632 /* Main.storyboard */; };
		48F0465A1CB707370025A632 /* imageClickedVC.swift in Sources */ = {isa = PBXBuildFile; fileRef = 48F046591CB707370025A632 /* imageClickedVC.swift */; };
/* End PBXBuildFile section */

/* Begin PBXFileReference section */
		487F7E871CA46AB600A73364 /* Favorite movie-NSUserDefaults.app */ = {isa = PBXFileReference; explicitFileType = wrapper.application; includeInIndex = 0; path = "Favorite movie-NSUserDefaults.app"; sourceTree = BUILT_PRODUCTS_DIR; };
		487F7E8A1CA46AB600A73364 /* AppDelegate.swift */ = {isa = PBXFileReference; lastKnownFileType = sourcecode.swift; path = AppDelegate.swift; sourceTree = "<group>"; };
		487F7E8C1CA46AB600A73364 /* ViewController.swift */ = {isa = PBXFileReference; lastKnownFileType = sourcecode.swift; path = ViewController.swift; sourceTree = "<group>"; };
		487F7E911CA46AB600A73364 /* Assets.xcassets */ = {isa = PBXFileReference; lastKnownFileType = folder.assetcatalog; path = Assets.xcassets; sourceTree = "<group>"; };
		487F7E941CA46AB600A73364 /* Base */ = {isa = PBXFileReference; lastKnownFileType = file.storyboard; name = Base; path = Base.lproj/LaunchScreen.storyboard; sourceTree = "<group>"; };
		487F7E961CA46AB600A73364 /* Info.plist */ = {isa = PBXFileReference; lastKnownFileType = text.plist.xml; path = Info.plist; sourceTree = "<group>"; };
		487F7E9F1CA48B0D00A73364 /* DataServices.swift */ = {isa = PBXFileReference; fileEncoding = 4; lastKnownFileType = sourcecode.swift; path = DataServices.swift; sourceTree = "<group>"; };
		487F7EA21CA48D4400A73364 /* Posts.swift */ = {isa = PBXFileReference; fileEncoding = 4; lastKnownFileType = sourcecode.swift; path = Posts.swift; sourceTree = "<group>"; };
		487F7EA41CA48FAB00A73364 /* PostCell.swift */ = {isa = PBXFileReference; fileEncoding = 4; lastKnownFileType = sourcecode.swift; path = PostCell.swift; sourceTree = "<group>"; };
		487F7EA61CA4B13A00A73364 /* RoundedPics.swift */ = {isa = PBXFileReference; fileEncoding = 4; lastKnownFileType = sourcecode.swift; path = RoundedPics.swift; sourceTree = "<group>"; };
		487F7EAC1CA5DA7400A73364 /* AddPostVC.swift */ = {isa = PBXFileReference; fileEncoding = 4; lastKnownFileType = sourcecode.swift; path = AddPostVC.swift; sourceTree = "<group>"; };
		48F046571CB6FB380025A632 /* Main.storyboard */ = {isa = PBXFileReference; fileEncoding = 4; lastKnownFileType = file.storyboard; path = Main.storyboard; sourceTree = "<group>"; };
		48F046591CB707370025A632 /* imageClickedVC.swift */ = {isa = PBXFileReference; fileEncoding = 4; lastKnownFileType = sourcecode.swift; path = imageClickedVC.swift; sourceTree = "<group>"; };
/* End PBXFileReference section */

/* Begin PBXFrameworksBuildPhase section */
		487F7E841CA46AB600A73364 /* Frameworks */ = {
			isa = PBXFrameworksBuildPhase;
			buildActionMask = 2147483647;
			files = (
			);
			runOnlyForDeploymentPostprocessing = 0;
		};
/* End PBXFrameworksBuildPhase section */

/* Begin PBXGroup section */
		487F7E7E1CA46AB600A73364 = {
			isa = PBXGroup;
			children = (
				487F7E891CA46AB600A73364 /* Favorite movie-NSUserDefaults */,
				487F7E881CA46AB600A73364 /* Products */,
			);
			sourceTree = "<group>";
		};
		487F7E881CA46AB600A73364 /* Products */ = {
			isa = PBXGroup;
			children = (
				487F7E871CA46AB600A73364 /* Favorite movie-NSUserDefaults.app */,
			);
			name = Products;
			sourceTree = "<group>";
		};
		487F7E891CA46AB600A73364 /* Favorite movie-NSUserDefaults */ = {
			isa = PBXGroup;
			children = (
				487F7EA11CA48D2B00A73364 /* Services */,
				487F7E9C1CA46CD600A73364 /* Model */,
				487F7E9D1CA46CDB00A73364 /* View */,
				487F7E9E1CA46CDF00A73364 /* Controller */,
				487F7E8A1CA46AB600A73364 /* AppDelegate.swift */,
				487F7E911CA46AB600A73364 /* Assets.xcassets */,
				487F7E931CA46AB600A73364 /* LaunchScreen.storyboard */,
				487F7E961CA46AB600A73364 /* Info.plist */,
			);
			path = "Favorite movie-NSUserDefaults";
			sourceTree = "<group>";
		};
		487F7E9C1CA46CD600A73364 /* Model */ = {
			isa = PBXGroup;
			children = (
				487F7EA21CA48D4400A73364 /* Posts.swift */,
				487F7EA41CA48FAB00A73364 /* PostCell.swift */,
			);
			name = Model;
			sourceTree = "<group>";
		};
		487F7E9D1CA46CDB00A73364 /* View */ = {
			isa = PBXGroup;
			children = (
				487F7EA61CA4B13A00A73364 /* RoundedPics.swift */,
				48F046571CB6FB380025A632 /* Main.storyboard */,
			);
			name = View;
			sourceTree = "<group>";
		};
		487F7E9E1CA46CDF00A73364 /* Controller */ = {
			isa = PBXGroup;
			children = (
				487F7E8C1CA46AB600A73364 /* ViewController.swift */,
				487F7EAC1CA5DA7400A73364 /* AddPostVC.swift */,
				48F046591CB707370025A632 /* imageClickedVC.swift */,
			);
			name = Controller;
			sourceTree = "<group>";
		};
		487F7EA11CA48D2B00A73364 /* Services */ = {
			isa = PBXGroup;
			children = (
				487F7E9F1CA48B0D00A73364 /* DataServices.swift */,
			);
			name = Services;
			sourceTree = "<group>";
		};
/* End PBXGroup section */

/* Begin PBXNativeTarget section */
		487F7E861CA46AB600A73364 /* Favorite movie-NSUserDefaults */ = {
			isa = PBXNativeTarget;
			buildConfigurationList = 487F7E991CA46AB600A73364 /* Build configuration list for PBXNativeTarget "Favorite movie-NSUserDefaults" */;
			buildPhases = (
				487F7E831CA46AB600A73364 /* Sources */,
				487F7E841CA46AB600A73364 /* Frameworks */,
				487F7E851CA46AB600A73364 /* Resources */,
			);
			buildRules = (
			);
			dependencies = (
			);
			name = "Favorite movie-NSUserDefaults";
			productName = "Favorite movie-NSUserDefaults";
			productReference = 487F7E871CA46AB600A73364 /* Favorite movie-NSUserDefaults.app */;
			productType = "com.apple.product-type.application";
		};
/* End PBXNativeTarget section */

/* Begin PBXProject section */
		487F7E7F1CA46AB600A73364 /* Project object */ = {
			isa = PBXProject;
			attributes = {
				LastSwiftUpdateCheck = 0730;
				LastUpgradeCheck = 0730;
				ORGANIZATIONNAME = Stanley;
				TargetAttributes = {
					487F7E861CA46AB600A73364 = {
						CreatedOnToolsVersion = 7.3;
					};
				};
			};
			buildConfigurationList = 487F7E821CA46AB600A73364 /* Build configuration list for PBXProject "Favorite movie-NSUserDefaults" */;
			compatibilityVersion = "Xcode 3.2";
			developmentRegion = English;
			hasScannedForEncodings = 0;
			knownRegions = (
				en,
				Base,
			);
			mainGroup = 487F7E7E1CA46AB600A73364;
			productRefGroup = 487F7E881CA46AB600A73364 /* Products */;
			projectDirPath = "";
			projectRoot = "";
			targets = (
				487F7E861CA46AB600A73364 /* Favorite movie-NSUserDefaults */,
			);
		};
/* End PBXProject section */

/* Begin PBXResourcesBuildPhase section */
		487F7E851CA46AB600A73364 /* Resources */ = {
			isa = PBXResourcesBuildPhase;
			buildActionMask = 2147483647;
			files = (
				48F046581CB6FB380025A632 /* Main.storyboard in Resources */,
				487F7E951CA46AB600A73364 /* LaunchScreen.storyboard in Resources */,
				487F7E921CA46AB600A73364 /* Assets.xcassets in Resources */,
			);
			runOnlyForDeploymentPostprocessing = 0;
		};
/* End PBXResourcesBuildPhase section */

/* Begin PBXSourcesBuildPhase section */
		487F7E831CA46AB600A73364 /* Sources */ = {
			isa = PBXSourcesBuildPhase;
			buildActionMask = 2147483647;
			files = (
				487F7EAD1CA5DA7400A73364 /* AddPostVC.swift in Sources */,
				487F7EA71CA4B13A00A73364 /* RoundedPics.swift in Sources */,
				48F0465A1CB707370025A632 /* imageClickedVC.swift in Sources */,
				487F7EA01CA48B0D00A73364 /* DataServices.swift in Sources */,
				487F7E8D1CA46AB600A73364 /* ViewController.swift in Sources */,
				487F7E8B1CA46AB600A73364 /* AppDelegate.swift in Sources */,
				487F7EA31CA48D4400A73364 /* Posts.swift in Sources */,
				487F7EA51CA48FAB00A73364 /* PostCell.swift in Sources */,
			);
			runOnlyForDeploymentPostprocessing = 0;
		};
/* End PBXSourcesBuildPhase section */

/* Begin PBXVariantGroup section */
		487F7E931CA46AB600A73364 /* LaunchScreen.storyboard */ = {
			isa = PBXVariantGroup;
			children = (
				487F7E941CA46AB600A73364 /* Base */,
			);
			name = LaunchScreen.storyboard;
			sourceTree = "<group>";
		};
/* End PBXVariantGroup section */

/* Begin XCBuildConfiguration section */
		487F7E971CA46AB600A73364 /* Debug */ = {
			isa = XCBuildConfiguration;
			buildSettings = {
				ALWAYS_SEARCH_USER_PATHS = NO;
				CLANG_ANALYZER_NONNULL = YES;
				CLANG_CXX_LANGUAGE_STANDARD = "gnu++0x";
				CLANG_CXX_LIBRARY = "libc++";
				CLANG_ENABLE_MODULES = YES;
				CLANG_ENABLE_OBJC_ARC = YES;
				CLANG_WARN_BOOL_CONVERSION = YES;
				CLANG_WARN_CONSTANT_CONVERSION = YES;
				CLANG_WARN_DIRECT_OBJC_ISA_USAGE = YES_ERROR;
				CLANG_WARN_EMPTY_BODY = YES;
				CLANG_WARN_ENUM_CONVERSION = YES;
				CLANG_WARN_INT_CONVERSION = YES;
				CLANG_WARN_OBJC_ROOT_CLASS = YES_ERROR;
				CLANG_WARN_UNREACHABLE_CODE = YES;
				CLANG_WARN__DUPLICATE_METHOD_MATCH = YES;
				"CODE_SIGN_IDENTITY[sdk=iphoneos*]" = "iPhone Developer";
				COPY_PHASE_STRIP = NO;
				DEBUG_INFORMATION_FORMAT = dwarf;
				ENABLE_STRICT_OBJC_MSGSEND = YES;
				ENABLE_TESTABILITY = YES;
				GCC_C_LANGUAGE_STANDARD = gnu99;
				GCC_DYNAMIC_NO_PIC = NO;
				GCC_NO_COMMON_BLOCKS = YES;
				GCC_OPTIMIZATION_LEVEL = 0;
				GCC_PREPROCESSOR_DEFINITIONS = (
					"DEBUG=1",
					"$(inherited)",
				);
				GCC_WARN_64_TO_32_BIT_CONVERSION = YES;
				GCC_WARN_ABOUT_RETURN_TYPE = YES_ERROR;
				GCC_WARN_UNDECLARED_SELECTOR = YES;
				GCC_WARN_UNINITIALIZED_AUTOS = YES_AGGRESSIVE;
				GCC_WARN_UNUSED_FUNCTION = YES;
				GCC_WARN_UNUSED_VARIABLE = YES;
				IPHONEOS_DEPLOYMENT_TARGET = 9.3;
				MTL_ENABLE_DEBUG_INFO = YES;
				ONLY_ACTIVE_ARCH = YES;
				SDKROOT = iphoneos;
				SWIFT_OPTIMIZATION_LEVEL = "-Onone";
				TARGETED_DEVICE_FAMILY = "1,2";
			};
			name = Debug;
		};
		487F7E981CA46AB600A73364 /* Release */ = {
			isa = XCBuildConfiguration;
			buildSettings = {
				ALWAYS_SEARCH_USER_PATHS = NO;
				CLANG_ANALYZER_NONNULL = YES;
				CLANG_CXX_LANGUAGE_STANDARD = "gnu++0x";
				CLANG_CXX_LIBRARY = "libc++";
				CLANG_ENABLE_MODULES = YES;
				CLANG_ENABLE_OBJC_ARC = YES;
				CLANG_WARN_BOOL_CONVERSION = YES;
				CLANG_WARN_CONSTANT_CONVERSION = YES;
				CLANG_WARN_DIRECT_OBJC_ISA_USAGE = YES_ERROR;
				CLANG_WARN_EMPTY_BODY = YES;
				CLANG_WARN_ENUM_CONVERSION = YES;
				CLANG_WARN_INT_CONVERSION = YES;
				CLANG_WARN_OBJC_ROOT_CLASS = YES_ERROR;
				CLANG_WARN_UNREACHABLE_CODE = YES;
				CLANG_WARN__DUPLICATE_METHOD_MATCH = YES;
				"CODE_SIGN_IDENTITY[sdk=iphoneos*]" = "iPhone Developer";
				COPY_PHASE_STRIP = NO;
				DEBUG_INFORMATION_FORMAT = "dwarf-with-dsym";
				ENABLE_NS_ASSERTIONS = NO;
				ENABLE_STRICT_OBJC_MSGSEND = YES;
				GCC_C_LANGUAGE_STANDARD = gnu99;
				GCC_NO_COMMON_BLOCKS = YES;
				GCC_WARN_64_TO_32_BIT_CONVERSION = YES;
				GCC_WARN_ABOUT_RETURN_TYPE = YES_ERROR;
				GCC_WARN_UNDECLARED_SELECTOR = YES;
				GCC_WARN_UNINITIALIZED_AUTOS = YES_AGGRESSIVE;
				GCC_WARN_UNUSED_FUNCTION = YES;
				GCC_WARN_UNUSED_VARIABLE = YES;
				IPHONEOS_DEPLOYMENT_TARGET = 9.3;
				MTL_ENABLE_DEBUG_INFO = NO;
				SDKROOT = iphoneos;
				TARGETED_DEVICE_FAMILY = "1,2";
				VALIDATE_PRODUCT = YES;
			};
			name = Release;
		};
		487F7E9A1CA46AB600A73364 /* Debug */ = {
			isa = XCBuildConfiguration;
			buildSettings = {
				ASSETCATALOG_COMPILER_APPICON_NAME = AppIcon;
				CODE_SIGN_IDENTITY = "iPhone Developer";
				INFOPLIST_FILE = "Favorite movie-NSUserDefaults/Info.plist";
				LD_RUNPATH_SEARCH_PATHS = "$(inherited) @executable_path/Frameworks";
				PRODUCT_BUNDLE_IDENTIFIER = "com.stanley.Favorite-movie-NSUserDefaults";
				PRODUCT_NAME = "$(TARGET_NAME)";
			};
			name = Debug;
		};
		487F7E9B1CA46AB600A73364 /* Release */ = {
			isa = XCBuildConfiguration;
			buildSettings = {
				ASSETCATALOG_COMPILER_APPICON_NAME = AppIcon;
				CODE_SIGN_IDENTITY = "iPhone Developer";
				INFOPLIST_FILE = "Favorite movie-NSUserDefaults/Info.plist";
				LD_RUNPATH_SEARCH_PATHS = "$(inherited) @executable_path/Frameworks";
				PRODUCT_BUNDLE_IDENTIFIER = "com.stanley.Favorite-movie-NSUserDefaults";
				PRODUCT_NAME = "$(TARGET_NAME)";
			};
			name = Release;
		};
/* End XCBuildConfiguration section */

/* Begin XCConfigurationList section */
		487F7E821CA46AB600A73364 /* Build configuration list for PBXProject "Favorite movie-NSUserDefaults" */ = {
			isa = XCConfigurationList;
			buildConfigurations = (
				487F7E971CA46AB600A73364 /* Debug */,
				487F7E981CA46AB600A73364 /* Release */,
			);
			defaultConfigurationIsVisible = 0;
			defaultConfigurationName = Release;
		};
		487F7E991CA46AB600A73364 /* Build configuration list for PBXNativeTarget "Favorite movie-NSUserDefaults" */ = {
			isa = XCConfigurationList;
			buildConfigurations = (
				487F7E9A1CA46AB600A73364 /* Debug */,
				487F7E9B1CA46AB600A73364 /* Release */,
			);
			defaultConfigurationIsVisible = 0;
			defaultConfigurationName = Release;
		};
/* End XCConfigurationList section */
	};
	rootObject = 487F7E7F1CA46AB600A73364 /* Project object */;
}
